Microsoft Visual Studio Solution File, Format Version 11.00
# Visual Studio 2008

Project("{9754C301-0627-0C17-10BE-E2B180137373}") = "jumpy", "Assembly-CSharp.csproj", "{793072F4-732A-3CF7-275A-BFD945DB50FE}"
EndProject
Global
	GlobalSection(SolutionConfigurationPlatforms) = preSolution
		Debug|Any CPU = Debug|Any CPU
		Release|Any CPU = Release|Any CPU
	EndGlobalSection
	GlobalSection(ProjectConfigurationPlatforms) = postSolution
		{793072F4-732A-3CF7-275A-BFD945DB50FE}.Debug|Any CPU.ActiveCfg = Debug|Any CPU
		{793072F4-732A-3CF7-275A-BFD945DB50FE}.Debug|Any CPU.Build.0 = Debug|Any CPU
		{793072F4-732A-3CF7-275A-BFD945DB50FE}.Release|Any CPU.ActiveCfg = Release|Any CPU
		{793072F4-732A-3CF7-275A-BFD945DB50FE}.Release|Any CPU.Build.0 = Release|Any CPU
	EndGlobalSection
	GlobalSection(SolutionProperties) = preSolution
		HideSolutionNode = FALSE
	EndGlobalSection
	GlobalSection(MonoDevelopProperties) = preSolution
		StartupItem = Assembly-CSharp.csproj
	EndGlobalSection
EndGlobal
